
Microsoft Visual Studio Solution File, Format Version 12.00
# Visual Studio 2013
VisualStudioVersion = 12.0.31101.0
MinimumVisualStudioVersion = 10.0.40219.1
Project("{2150E333-8FDC-42A3-9474-1A3956D46DE8}") = "01 [Sum of 3 Numbers]", "01 [Sum of 3 Numbers]", "{FBE25BC4-1A33-42BD-A24F-DF3303E33BF2}"
EndProject
Project("{FAE04EC0-301F-11D3-BF4B-00C04F79EFBC}") = "SumOf3Numbers", "SumOf3Numbers\SumOf3Numbers.csproj", "{BF9927A3-9648-4531-9597-15D174BD75C1}"
EndProject
Project("{2150E333-8FDC-42A3-9474-1A3956D46DE8}") = "02 [Print Company Information]", "02 [Print Company Information]", "{2334F05C-7DAB-4013-B8D6-E38D31543EC0}"
EndProject
Project("{FAE04EC0-301F-11D3-BF4B-00C04F79EFBC}") = "PrintCompanyInformation", "PrintCompanyInformation\PrintCompanyInformation.csproj", "{CBEB3A50-D7F6-4B94-90FA-58167A97EDF4}"
EndProject
Project("{2150E333-8FDC-42A3-9474-1A3956D46DE8}") = "03 [Circle Perimeter and Area]", "03 [Circle Perimeter and Area]", "{01F6DC39-0885-48AF-B6B5-0A39B79788D4}"
EndProject
Project("{FAE04EC0-301F-11D3-BF4B-00C04F79EFBC}") = "CirclePerimeterАndArea", "CirclePerimeterАndArea\CirclePerimeterАndArea.csproj", "{6EF54B22-AED2-4F21-A03D-567BA3C8F9EA}"
EndProject
Project("{2150E333-8FDC-42A3-9474-1A3956D46DE8}") = "04 [Number Comparer]", "04 [Number Comparer]", "{98597DCA-44D6-43D6-8474-DB392DAA5A1C}"
EndProject
Project("{FAE04EC0-301F-11D3-BF4B-00C04F79EFBC}") = "NumberComparer", "NumberComparer\NumberComparer.csproj", "{80F02B9D-F1F5-4B1E-8E45-22A82146EDC2}"
EndProject
Project("{2150E333-8FDC-42A3-9474-1A3956D46DE8}") = "05 [Formatting Numbers]", "05 [Formatting Numbers]", "{3C5E93D5-F771-47D5-B945-D9CD418E4E37}"
EndProject
Project("{FAE04EC0-301F-11D3-BF4B-00C04F79EFBC}") = "FormattingNumbers", "FormattingNumbers\FormattingNumbers.csproj", "{EE79A62B-D8AC-47E8-B2BA-745D0EDFADFA}"
EndProject
Project("{2150E333-8FDC-42A3-9474-1A3956D46DE8}") = "06 [Quadratic Equation]", "06 [Quadratic Equation]", "{9A501C80-5DD1-4132-82C2-DA3D8FA2AFA0}"
EndProject
Project("{FAE04EC0-301F-11D3-BF4B-00C04F79EFBC}") = "QuadraticEquation", "QuadraticEquation\QuadraticEquation.csproj", "{7169D9FA-79A9-4565-AA3A-992AFB63C656}"
EndProject
Project("{2150E333-8FDC-42A3-9474-1A3956D46DE8}") = "07 [Sum of 5 Numbers]", "07 [Sum of 5 Numbers]", "{8F05D8B0-920A-4C8E-9C30-BB0F09C0B150}"
EndProject
Project("{FAE04EC0-301F-11D3-BF4B-00C04F79EFBC}") = "SumOf5Numbers", "SumOf5Numbers\SumOf5Numbers.csproj", "{F58E637D-ADAD-4697-87C1-D41C98F7374D}"
EndProject
Project("{2150E333-8FDC-42A3-9474-1A3956D46DE8}") = "08 [Numbers from 1 to n]", "08 [Numbers from 1 to n]", "{1D3D310D-0B05-46A0-8128-028ABD9EF0E2}"
EndProject
Project("{FAE04EC0-301F-11D3-BF4B-00C04F79EFBC}") = "NumbersFrom1ToN", "NumbersFrom1ToN\NumbersFrom1ToN.csproj", "{B3DE282A-60C3-42B9-A8B5-75FFEEC9F089}"
EndProject
Project("{2150E333-8FDC-42A3-9474-1A3956D46DE8}") = "09 [Sum of n Numbers]", "09 [Sum of n Numbers]", "{46829206-66D1-4258-87EF-B26C561515FB}"
EndProject
Project("{FAE04EC0-301F-11D3-BF4B-00C04F79EFBC}") = "SumOfNNumbers", "SumOfNNumbers\SumOfNNumbers.csproj", "{90BEDE32-5F02-455B-BFB1-A8890126C1DA}"
EndProject
Project("{2150E333-8FDC-42A3-9474-1A3956D46DE8}") = "10 [Fibonacci Numbers]", "10 [Fibonacci Numbers]", "{6AEC2292-353E-484C-BEF4-4C14FDCA083C}"
EndProject
Project("{FAE04EC0-301F-11D3-BF4B-00C04F79EFBC}") = "FibonacciNumbers", "FibonacciNumbers\FibonacciNumbers.csproj", "{736BFE29-55F0-4527-AE36-02BAB7B76148}"
EndProject
Project("{2150E333-8FDC-42A3-9474-1A3956D46DE8}") = "11 [Numbers in Interval Dividable by Given Number]", "11 [Numbers in Interval Dividable by Given Number]", "{B113D2CE-6371-4937-BAB6-12CE39EB9556}"
EndProject
Project("{FAE04EC0-301F-11D3-BF4B-00C04F79EFBC}") = "NumbersInIntervalDividableByGivenNumber", "NumbersInIntervalDividableByGivenNumber\NumbersInIntervalDividableByGivenNumber.csproj", "{1842D4F0-B8D4-4E51-B412-400A71FB1D76}"
EndProject
Project("{2150E333-8FDC-42A3-9474-1A3956D46DE8}") = "Exam Problem 01 [Work Hours]", "Exam Problem 01 [Work Hours]", "{8C6B82D8-5958-4CCF-A41F-89829C91CC01}"
EndProject
Project("{FAE04EC0-301F-11D3-BF4B-00C04F79EFBC}") = "WorkHours", "WorkHours\WorkHours.csproj", "{140414A6-A5B9-43EA-9F6B-7E8431005041}"
EndProject
Project("{2150E333-8FDC-42A3-9474-1A3956D46DE8}") = "Exam Problem 02 [Sum of Elements]", "Exam Problem 02 [Sum of Elements]", "{ABF80BC3-7AA2-4A32-B718-28D2D9B9097E}"
EndProject
Project("{FAE04EC0-301F-11D3-BF4B-00C04F79EFBC}") = "SumOfElements", "SumOfElements\SumOfElements.csproj", "{8D40C88E-BC0D-4F8F-8A7D-7F68422CB52C}"
EndProject
Project("{2150E333-8FDC-42A3-9474-1A3956D46DE8}") = "Exam Problem 03 [New House]", "Exam Problem 03 [New House]", "{4EEC459B-44B9-4AF5-A058-9142F77663DE}"
EndProject
Project("{FAE04EC0-301F-11D3-BF4B-00C04F79EFBC}") = "NewHouse", "NewHouse\NewHouse.csproj", "{96EE6BAB-FDB9-4704-942D-CC8F16EB503D}"
EndProject
Global
	GlobalSection(SolutionConfigurationPlatforms) = preSolution
		Debug|Any CPU = Debug|Any CPU
		Release|Any CPU = Release|Any CPU
	EndGlobalSection
	GlobalSection(ProjectConfigurationPlatforms) = postSolution
		{BF9927A3-9648-4531-9597-15D174BD75C1}.Debug|Any CPU.ActiveCfg = Debug|Any CPU
		{BF9927A3-9648-4531-9597-15D174BD75C1}.Debug|Any CPU.Build.0 = Debug|Any CPU
		{BF9927A3-9648-4531-9597-15D174BD75C1}.Release|Any CPU.ActiveCfg = Release|Any CPU
		{BF9927A3-9648-4531-9597-15D174BD75C1}.Release|Any CPU.Build.0 = Release|Any CPU
		{CBEB3A50-D7F6-4B94-90FA-58167A97EDF4}.Debug|Any CPU.ActiveCfg = Debug|Any CPU
		{CBEB3A50-D7F6-4B94-90FA-58167A97EDF4}.Debug|Any CPU.Build.0 = Debug|Any CPU
		{CBEB3A50-D7F6-4B94-90FA-58167A97EDF4}.Release|Any CPU.ActiveCfg = Release|Any CPU
		{CBEB3A50-D7F6-4B94-90FA-58167A97EDF4}.Release|Any CPU.Build.0 = Release|Any CPU
		{6EF54B22-AED2-4F21-A03D-567BA3C8F9EA}.Debug|Any CPU.ActiveCfg = Debug|Any CPU
		{6EF54B22-AED2-4F21-A03D-567BA3C8F9EA}.Debug|Any CPU.Build.0 = Debug|Any CPU
		{6EF54B22-AED2-4F21-A03D-567BA3C8F9EA}.Release|Any CPU.ActiveCfg = Release|Any CPU
		{6EF54B22-AED2-4F21-A03D-567BA3C8F9EA}.Release|Any CPU.Build.0 = Release|Any CPU
		{80F02B9D-F1F5-4B1E-8E45-22A82146EDC2}.Debug|Any CPU.ActiveCfg = Debug|Any CPU
		{80F02B9D-F1F5-4B1E-8E45-22A82146EDC2}.Debug|Any CPU.Build.0 = Debug|Any CPU
		{80F02B9D-F1F5-4B1E-8E45-22A82146EDC2}.Release|Any CPU.ActiveCfg = Release|Any CPU
		{80F02B9D-F1F5-4B1E-8E45-22A82146EDC2}.Release|Any CPU.Build.0 = Release|Any CPU
		{EE79A62B-D8AC-47E8-B2BA-745D0EDFADFA}.Debug|Any CPU.ActiveCfg = Debug|Any CPU
		{EE79A62B-D8AC-47E8-B2BA-745D0EDFADFA}.Debug|Any CPU.Build.0 = Debug|Any CPU
		{EE79A62B-D8AC-47E8-B2BA-745D0EDFADFA}.Release|Any CPU.ActiveCfg = Release|Any CPU
		{EE79A62B-D8AC-47E8-B2BA-745D0EDFADFA}.Release|Any CPU.Build.0 = Release|Any CPU
		{7169D9FA-79A9-4565-AA3A-992AFB63C656}.Debug|Any CPU.ActiveCfg = Debug|Any CPU
		{7169D9FA-79A9-4565-AA3A-992AFB63C656}.Debug|Any CPU.Build.0 = Debug|Any CPU
		{7169D9FA-79A9-4565-AA3A-992AFB63C656}.Release|Any CPU.ActiveCfg = Release|Any CPU
		{7169D9FA-79A9-4565-AA3A-992AFB63C656}.Release|Any CPU.Build.0 = Release|Any CPU
		{F58E637D-ADAD-4697-87C1-D41C98F7374D}.Debug|Any CPU.ActiveCfg = Debug|Any CPU
		{F58E637D-ADAD-4697-87C1-D41C98F7374D}.Debug|Any CPU.Build.0 = Debug|Any CPU
		{F58E637D-ADAD-4697-87C1-D41C98F7374D}.Release|Any CPU.ActiveCfg = Release|Any CPU
		{F58E637D-ADAD-4697-87C1-D41C98F7374D}.Release|Any CPU.Build.0 = Release|Any CPU
		{B3DE282A-60C3-42B9-A8B5-75FFEEC9F089}.Debug|Any CPU.ActiveCfg = Debug|Any CPU
		{B3DE282A-60C3-42B9-A8B5-75FFEEC9F089}.Debug|Any CPU.Build.0 = Debug|Any CPU
		{B3DE282A-60C3-42B9-A8B5-75FFEEC9F089}.Release|Any CPU.ActiveCfg = Release|Any CPU
		{B3DE282A-60C3-42B9-A8B5-75FFEEC9F089}.Release|Any CPU.Build.0 = Release|Any CPU
		{90BEDE32-5F02-455B-BFB1-A8890126C1DA}.Debug|Any CPU.ActiveCfg = Debug|Any CPU
		{90BEDE32-5F02-455B-BFB1-A8890126C1DA}.Debug|Any CPU.Build.0 = Debug|Any CPU
		{90BEDE32-5F02-455B-BFB1-A8890126C1DA}.Release|Any CPU.ActiveCfg = Release|Any CPU
		{90BEDE32-5F02-455B-BFB1-A8890126C1DA}.Release|Any CPU.Build.0 = Release|Any CPU
		{736BFE29-55F0-4527-AE36-02BAB7B76148}.Debug|Any CPU.ActiveCfg = Debug|Any CPU
		{736BFE29-55F0-4527-AE36-02BAB7B76148}.Debug|Any CPU.Build.0 = Debug|Any CPU
		{736BFE29-55F0-4527-AE36-02BAB7B76148}.Release|Any CPU.ActiveCfg = Release|Any CPU
		{736BFE29-55F0-4527-AE36-02BAB7B76148}.Release|Any CPU.Build.0 = Release|Any CPU
		{1842D4F0-B8D4-4E51-B412-400A71FB1D76}.Debug|Any CPU.ActiveCfg = Debug|Any CPU
		{1842D4F0-B8D4-4E51-B412-400A71FB1D76}.Debug|Any CPU.Build.0 = Debug|Any CPU
		{1842D4F0-B8D4-4E51-B412-400A71FB1D76}.Release|Any CPU.ActiveCfg = Release|Any CPU
		{1842D4F0-B8D4-4E51-B412-400A71FB1D76}.Release|Any CPU.Build.0 = Release|Any CPU
		{140414A6-A5B9-43EA-9F6B-7E8431005041}.Debug|Any CPU.ActiveCfg = Debug|Any CPU
		{140414A6-A5B9-43EA-9F6B-7E8431005041}.Debug|Any CPU.Build.0 = Debug|Any CPU
		{140414A6-A5B9-43EA-9F6B-7E8431005041}.Release|Any CPU.ActiveCfg = Release|Any CPU
		{140414A6-A5B9-43EA-9F6B-7E8431005041}.Release|Any CPU.Build.0 = Release|Any CPU
		{8D40C88E-BC0D-4F8F-8A7D-7F68422CB52C}.Debug|Any CPU.ActiveCfg = Debug|Any CPU
		{8D40C88E-BC0D-4F8F-8A7D-7F68422CB52C}.Debug|Any CPU.Build.0 = Debug|Any CPU
		{8D40C88E-BC0D-4F8F-8A7D-7F68422CB52C}.Release|Any CPU.ActiveCfg = Release|Any CPU
		{8D40C88E-BC0D-4F8F-8A7D-7F68422CB52C}.Release|Any CPU.Build.0 = Release|Any CPU
		{96EE6BAB-FDB9-4704-942D-CC8F16EB503D}.Debug|Any CPU.ActiveCfg = Debug|Any CPU
		{96EE6BAB-FDB9-4704-942D-CC8F16EB503D}.Debug|Any CPU.Build.0 = Debug|Any CPU
		{96EE6BAB-FDB9-4704-942D-CC8F16EB503D}.Release|Any CPU.ActiveCfg = Release|Any CPU
		{96EE6BAB-FDB9-4704-942D-CC8F16EB503D}.Release|Any CPU.Build.0 = Release|Any CPU
	EndGlobalSection
	GlobalSection(SolutionProperties) = preSolution
		HideSolutionNode = FALSE
	EndGlobalSection
	GlobalSection(NestedProjects) = preSolution
		{BF9927A3-9648-4531-9597-15D174BD75C1} = {FBE25BC4-1A33-42BD-A24F-DF3303E33BF2}
		{CBEB3A50-D7F6-4B94-90FA-58167A97EDF4} = {2334F05C-7DAB-4013-B8D6-E38D31543EC0}
		{6EF54B22-AED2-4F21-A03D-567BA3C8F9EA} = {01F6DC39-0885-48AF-B6B5-0A39B79788D4}
		{80F02B9D-F1F5-4B1E-8E45-22A82146EDC2} = {98597DCA-44D6-43D6-8474-DB392DAA5A1C}
		{EE79A62B-D8AC-47E8-B2BA-745D0EDFADFA} = {3C5E93D5-F771-47D5-B945-D9CD418E4E37}
		{7169D9FA-79A9-4565-AA3A-992AFB63C656} = {9A501C80-5DD1-4132-82C2-DA3D8FA2AFA0}
		{F58E637D-ADAD-4697-87C1-D41C98F7374D} = {8F05D8B0-920A-4C8E-9C30-BB0F09C0B150}
		{B3DE282A-60C3-42B9-A8B5-75FFEEC9F089} = {1D3D310D-0B05-46A0-8128-028ABD9EF0E2}
		{90BEDE32-5F02-455B-BFB1-A8890126C1DA} = {46829206-66D1-4258-87EF-B26C561515FB}
		{736BFE29-55F0-4527-AE36-02BAB7B76148} = {6AEC2292-353E-484C-BEF4-4C14FDCA083C}
		{1842D4F0-B8D4-4E51-B412-400A71FB1D76} = {B113D2CE-6371-4937-BAB6-12CE39EB9556}
		{140414A6-A5B9-43EA-9F6B-7E8431005041} = {8C6B82D8-5958-4CCF-A41F-89829C91CC01}
		{8D40C88E-BC0D-4F8F-8A7D-7F68422CB52C} = {ABF80BC3-7AA2-4A32-B718-28D2D9B9097E}
		{96EE6BAB-FDB9-4704-942D-CC8F16EB503D} = {4EEC459B-44B9-4AF5-A058-9142F77663DE}
	EndGlobalSection
EndGlobal
